
Microsoft Visual Studio Solution File, Format Version 12.00
# Visual Studio Version 16
VisualStudioVersion = 16.0.31424.327
MinimumVisualStudioVersion = 10.0.40219.1
Project("{8BC9CEB8-8B4A-11D0-8D11-00A0C91BC942}") = "ITMO.Cpp.Practice7", "ITMO.Cpp.Practice7\ITMO.Cpp.Practice7.vcxproj", "{B214D666-AFD9-4CF2-BF06-8C19DE06756A}"
EndProject
Global
	GlobalSection(SolutionConfigurationPlatforms) = preSolution
		Debug|x64 = Debug|x64
		Debug|x86 = Debug|x86
		Release|x64 = Release|x64
		Release|x86 = Release|x86
	EndGlobalSection
	GlobalSection(ProjectConfigurationPlatforms) = postSolution
		{B214D666-AFD9-4CF2-BF06-8C19DE06756A}.Debug|x64.ActiveCfg = Debug|x64
		{B214D666-AFD9-4CF2-BF06-8C19DE06756A}.Debug|x64.Build.0 = Debug|x64
		{B214D666-AFD9-4CF2-BF06-8C19DE06756A}.Debug|x86.ActiveCfg = Debug|Win32
		{B214D666-AFD9-4CF2-BF06-8C19DE06756A}.Debug|x86.Build.0 = Debug|Win32
		{B214D666-AFD9-4CF2-BF06-8C19DE06756A}.Release|x64.ActiveCfg = Release|x64
		{B214D666-AFD9-4CF2-BF06-8C19DE06756A}.Release|x64.Build.0 = Release|x64
		{B214D666-AFD9-4CF2-BF06-8C19DE06756A}.Release|x86.ActiveCfg = Release|Win32
		{B214D666-AFD9-4CF2-BF06-8C19DE06756A}.Release|x86.Build.0 = Release|Win32
	EndGlobalSection
	GlobalSection(SolutionProperties) = preSolution
		HideSolutionNode = FALSE
	EndGlobalSection
	GlobalSection(ExtensibilityGlobals) = postSolution
		SolutionGuid = {6765670E-B025-4BDF-BD5B-5B7CDD6CBA9B}
	EndGlobalSection
EndGlobal
