
Microsoft Visual Studio Solution File, Format Version 12.00
# Visual Studio Version 16
VisualStudioVersion = 16.0.31424.327
MinimumVisualStudioVersion = 10.0.40219.1
Project("{8BC9CEB8-8B4A-11D0-8D11-00A0C91BC942}") = "ITMO.Cpp.Practice14", "ITMO.Cpp.Practice14\ITMO.Cpp.Practice14.vcxproj", "{3B301006-43C4-4E8C-BB21-52BABA7B760A}"
EndProject
Project("{8BC9CEB8-8B4A-11D0-8D11-00A0C91BC942}") = "ITMO.Cpp.Practice14.2", "ITMO.Cpp.Practice14.2\ITMO.Cpp.Practice14.2.vcxproj", "{7BD66897-4CC6-4B13-8B4B-1A82CEBCE357}"
EndProject
Global
	GlobalSection(SolutionConfigurationPlatforms) = preSolution
		Debug|x64 = Debug|x64
		Debug|x86 = Debug|x86
		Release|x64 = Release|x64
		Release|x86 = Release|x86
	EndGlobalSection
	GlobalSection(ProjectConfigurationPlatforms) = postSolution
		{3B301006-43C4-4E8C-BB21-52BABA7B760A}.Debug|x64.ActiveCfg = Debug|x64
		{3B301006-43C4-4E8C-BB21-52BABA7B760A}.Debug|x64.Build.0 = Debug|x64
		{3B301006-43C4-4E8C-BB21-52BABA7B760A}.Debug|x86.ActiveCfg = Debug|Win32
		{3B301006-43C4-4E8C-BB21-52BABA7B760A}.Debug|x86.Build.0 = Debug|Win32
		{3B301006-43C4-4E8C-BB21-52BABA7B760A}.Release|x64.ActiveCfg = Release|x64
		{3B301006-43C4-4E8C-BB21-52BABA7B760A}.Release|x64.Build.0 = Release|x64
		{3B301006-43C4-4E8C-BB21-52BABA7B760A}.Release|x86.ActiveCfg = Release|Win32
		{3B301006-43C4-4E8C-BB21-52BABA7B760A}.Release|x86.Build.0 = Release|Win32
		{7BD66897-4CC6-4B13-8B4B-1A82CEBCE357}.Debug|x64.ActiveCfg = Debug|x64
		{7BD66897-4CC6-4B13-8B4B-1A82CEBCE357}.Debug|x64.Build.0 = Debug|x64
		{7BD66897-4CC6-4B13-8B4B-1A82CEBCE357}.Debug|x86.ActiveCfg = Debug|Win32
		{7BD66897-4CC6-4B13-8B4B-1A82CEBCE357}.Debug|x86.Build.0 = Debug|Win32
		{7BD66897-4CC6-4B13-8B4B-1A82CEBCE357}.Release|x64.ActiveCfg = Release|x64
		{7BD66897-4CC6-4B13-8B4B-1A82CEBCE357}.Release|x64.Build.0 = Release|x64
		{7BD66897-4CC6-4B13-8B4B-1A82CEBCE357}.Release|x86.ActiveCfg = Release|Win32
		{7BD66897-4CC6-4B13-8B4B-1A82CEBCE357}.Release|x86.Build.0 = Release|Win32
	EndGlobalSection
	GlobalSection(SolutionProperties) = preSolution
		HideSolutionNode = FALSE
	EndGlobalSection
	GlobalSection(ExtensibilityGlobals) = postSolution
		SolutionGuid = {12A2D7AC-DB69-411F-AF86-81DD12E7FD67}
	EndGlobalSection
EndGlobal
