
Microsoft Visual Studio Solution File, Format Version 12.00
# Visual Studio Version 16
VisualStudioVersion = 16.0.31613.86
MinimumVisualStudioVersion = 10.0.40219.1
Project("{8BC9CEB8-8B4A-11D0-8D11-00A0C91BC942}") = "ITMO.Cpp.Practice9.Exercise1", "ITMO.Cpp.Practice9.Exercises\ITMO.Cpp.Practice9.Exercises.vcxproj", "{B5AEACE5-FE90-4C66-9A07-4CE964738746}"
EndProject
Project("{8BC9CEB8-8B4A-11D0-8D11-00A0C91BC942}") = "ITMO.Cpp.Practice9.Exercise2", "ITMO.Cpp.Practice9.Exercise2\ITMO.Cpp.Practice9.Exercise2.vcxproj", "{393FCCF9-CCDD-4965-A0CA-04A14CF3A7E5}"
EndProject
Global
	GlobalSection(SolutionConfigurationPlatforms) = preSolution
		Debug|x64 = Debug|x64
		Debug|x86 = Debug|x86
		Release|x64 = Release|x64
		Release|x86 = Release|x86
	EndGlobalSection
	GlobalSection(ProjectConfigurationPlatforms) = postSolution
		{B5AEACE5-FE90-4C66-9A07-4CE964738746}.Debug|x64.ActiveCfg = Debug|x64
		{B5AEACE5-FE90-4C66-9A07-4CE964738746}.Debug|x64.Build.0 = Debug|x64
		{B5AEACE5-FE90-4C66-9A07-4CE964738746}.Debug|x86.ActiveCfg = Debug|Win32
		{B5AEACE5-FE90-4C66-9A07-4CE964738746}.Debug|x86.Build.0 = Debug|Win32
		{B5AEACE5-FE90-4C66-9A07-4CE964738746}.Release|x64.ActiveCfg = Release|x64
		{B5AEACE5-FE90-4C66-9A07-4CE964738746}.Release|x64.Build.0 = Release|x64
		{B5AEACE5-FE90-4C66-9A07-4CE964738746}.Release|x86.ActiveCfg = Release|Win32
		{B5AEACE5-FE90-4C66-9A07-4CE964738746}.Release|x86.Build.0 = Release|Win32
		{393FCCF9-CCDD-4965-A0CA-04A14CF3A7E5}.Debug|x64.ActiveCfg = Debug|x64
		{393FCCF9-CCDD-4965-A0CA-04A14CF3A7E5}.Debug|x64.Build.0 = Debug|x64
		{393FCCF9-CCDD-4965-A0CA-04A14CF3A7E5}.Debug|x86.ActiveCfg = Debug|Win32
		{393FCCF9-CCDD-4965-A0CA-04A14CF3A7E5}.Debug|x86.Build.0 = Debug|Win32
		{393FCCF9-CCDD-4965-A0CA-04A14CF3A7E5}.Release|x64.ActiveCfg = Release|x64
		{393FCCF9-CCDD-4965-A0CA-04A14CF3A7E5}.Release|x64.Build.0 = Release|x64
		{393FCCF9-CCDD-4965-A0CA-04A14CF3A7E5}.Release|x86.ActiveCfg = Release|Win32
		{393FCCF9-CCDD-4965-A0CA-04A14CF3A7E5}.Release|x86.Build.0 = Release|Win32
	EndGlobalSection
	GlobalSection(SolutionProperties) = preSolution
		HideSolutionNode = FALSE
	EndGlobalSection
	GlobalSection(ExtensibilityGlobals) = postSolution
		SolutionGuid = {2B58F3F9-DA82-4504-94F4-56CB45B4790B}
	EndGlobalSection
EndGlobal
