
Microsoft Visual Studio Solution File, Format Version 12.00
# Visual Studio Version 16
VisualStudioVersion = 16.0.31424.327
MinimumVisualStudioVersion = 10.0.40219.1
Project("{8BC9CEB8-8B4A-11D0-8D11-00A0C91BC942}") = "ITMO.Cpp.Practice10.Excercises", "ITMO.Cpp.Practice10.Excercises\ITMO.Cpp.Practice10.Excercises.vcxproj", "{540375E3-156C-4D51-8EFF-0B86ED73328B}"
EndProject
Global
	GlobalSection(SolutionConfigurationPlatforms) = preSolution
		Debug|x64 = Debug|x64
		Debug|x86 = Debug|x86
		Release|x64 = Release|x64
		Release|x86 = Release|x86
	EndGlobalSection
	GlobalSection(ProjectConfigurationPlatforms) = postSolution
		{540375E3-156C-4D51-8EFF-0B86ED73328B}.Debug|x64.ActiveCfg = Debug|x64
		{540375E3-156C-4D51-8EFF-0B86ED73328B}.Debug|x64.Build.0 = Debug|x64
		{540375E3-156C-4D51-8EFF-0B86ED73328B}.Debug|x86.ActiveCfg = Debug|Win32
		{540375E3-156C-4D51-8EFF-0B86ED73328B}.Debug|x86.Build.0 = Debug|Win32
		{540375E3-156C-4D51-8EFF-0B86ED73328B}.Release|x64.ActiveCfg = Release|x64
		{540375E3-156C-4D51-8EFF-0B86ED73328B}.Release|x64.Build.0 = Release|x64
		{540375E3-156C-4D51-8EFF-0B86ED73328B}.Release|x86.ActiveCfg = Release|Win32
		{540375E3-156C-4D51-8EFF-0B86ED73328B}.Release|x86.Build.0 = Release|Win32
	EndGlobalSection
	GlobalSection(SolutionProperties) = preSolution
		HideSolutionNode = FALSE
	EndGlobalSection
	GlobalSection(ExtensibilityGlobals) = postSolution
		SolutionGuid = {9EE85239-9FFC-4674-A2F5-C74B8FF50522}
	EndGlobalSection
EndGlobal
